
Microsoft Visual Studio Solution File, Format Version 12.00
# Visual Studio Version 16
VisualStudioVersion = 16.0.29418.71
MinimumVisualStudioVersion = 10.0.40219.1
Project("{9A19103F-16F7-4668-BE54-9A1E7A4F7556}") = "SettlementSimulation.Engine", "SettlementSimulation.Engine\SettlementSimulation.Engine.csproj", "{C568DF43-CB2B-4979-B5D0-A57839E90E77}"
EndProject
Project("{9A19103F-16F7-4668-BE54-9A1E7A4F7556}") = "SettlementSimulation.Engine.Tests.Unit", "SettlementSimulation.Engine.Tests.Unit\SettlementSimulation.Engine.Tests.Unit.csproj", "{34EAE9CF-5D3E-4BAF-84DE-0F4DF7559701}"
EndProject
Project("{9A19103F-16F7-4668-BE54-9A1E7A4F7556}") = "SettlementSimulation.Viewer", "SettlementSimulation.Viewer\SettlementSimulation.Viewer.csproj", "{0B37D87E-31BF-413C-9183-5DF77AD18D7D}"
EndProject
Project("{9A19103F-16F7-4668-BE54-9A1E7A4F7556}") = "SettlementSimulation.AreaGenerator", "SettlementSimulation.AreaGenerator\SettlementSimulation.AreaGenerator.csproj", "{56DE249B-7BC9-4ED8-95D3-A71088B6E8A2}"
EndProject
Project("{9A19103F-16F7-4668-BE54-9A1E7A4F7556}") = "SettlementSimulation.AreaGenerator.Tests.Unit", "SettlementSimulation.AreaGenerator.Tests.Unit\SettlementSimulation.AreaGenerator.Tests.Unit.csproj", "{379A736F-C19B-4A49-A7EB-6478E605C5A6}"
EndProject
Project("{2150E333-8FDC-42A3-9474-1A3956D46DE8}") = "Solution Items", "Solution Items", "{B1E144E7-A510-4A3B-9301-1D626D7A850C}"
	ProjectSection(SolutionItems) = preProject
		resources\buildingOrientation.png = resources\buildingOrientation.png
		..\..\..\Desktop\SS.Data\colourmap.png = ..\..\..\Desktop\SS.Data\colourmap.png
		..\..\..\Desktop\SS.Data\heightmap.png = ..\..\..\Desktop\SS.Data\heightmap.png
		Readme.md = Readme.md
	EndProjectSection
EndProject
Global
	GlobalSection(SolutionConfigurationPlatforms) = preSolution
		Debug|Any CPU = Debug|Any CPU
		Release|Any CPU = Release|Any CPU
	EndGlobalSection
	GlobalSection(ProjectConfigurationPlatforms) = postSolution
		{C568DF43-CB2B-4979-B5D0-A57839E90E77}.Debug|Any CPU.ActiveCfg = Debug|Any CPU
		{C568DF43-CB2B-4979-B5D0-A57839E90E77}.Debug|Any CPU.Build.0 = Debug|Any CPU
		{C568DF43-CB2B-4979-B5D0-A57839E90E77}.Release|Any CPU.ActiveCfg = Release|Any CPU
		{C568DF43-CB2B-4979-B5D0-A57839E90E77}.Release|Any CPU.Build.0 = Release|Any CPU
		{34EAE9CF-5D3E-4BAF-84DE-0F4DF7559701}.Debug|Any CPU.ActiveCfg = Debug|Any CPU
		{34EAE9CF-5D3E-4BAF-84DE-0F4DF7559701}.Debug|Any CPU.Build.0 = Debug|Any CPU
		{34EAE9CF-5D3E-4BAF-84DE-0F4DF7559701}.Release|Any CPU.ActiveCfg = Release|Any CPU
		{34EAE9CF-5D3E-4BAF-84DE-0F4DF7559701}.Release|Any CPU.Build.0 = Release|Any CPU
		{0B37D87E-31BF-413C-9183-5DF77AD18D7D}.Debug|Any CPU.ActiveCfg = Debug|Any CPU
		{0B37D87E-31BF-413C-9183-5DF77AD18D7D}.Debug|Any CPU.Build.0 = Debug|Any CPU
		{0B37D87E-31BF-413C-9183-5DF77AD18D7D}.Release|Any CPU.ActiveCfg = Release|Any CPU
		{0B37D87E-31BF-413C-9183-5DF77AD18D7D}.Release|Any CPU.Build.0 = Release|Any CPU
		{56DE249B-7BC9-4ED8-95D3-A71088B6E8A2}.Debug|Any CPU.ActiveCfg = Debug|Any CPU
		{56DE249B-7BC9-4ED8-95D3-A71088B6E8A2}.Debug|Any CPU.Build.0 = Debug|Any CPU
		{56DE249B-7BC9-4ED8-95D3-A71088B6E8A2}.Release|Any CPU.ActiveCfg = Release|Any CPU
		{56DE249B-7BC9-4ED8-95D3-A71088B6E8A2}.Release|Any CPU.Build.0 = Release|Any CPU
		{379A736F-C19B-4A49-A7EB-6478E605C5A6}.Debug|Any CPU.ActiveCfg = Debug|Any CPU
		{379A736F-C19B-4A49-A7EB-6478E605C5A6}.Debug|Any CPU.Build.0 = Debug|Any CPU
		{379A736F-C19B-4A49-A7EB-6478E605C5A6}.Release|Any CPU.ActiveCfg = Release|Any CPU
		{379A736F-C19B-4A49-A7EB-6478E605C5A6}.Release|Any CPU.Build.0 = Release|Any CPU
	EndGlobalSection
	GlobalSection(SolutionProperties) = preSolution
		HideSolutionNode = FALSE
	EndGlobalSection
	GlobalSection(ExtensibilityGlobals) = postSolution
		SolutionGuid = {959FDBB2-34DE-414B-89C5-FD0C4915E760}
	EndGlobalSection
EndGlobal
